
Microsoft Visual Studio Solution File, Format Version 12.00
# Visual Studio Version 17
VisualStudioVersion = 17.11.35017.193
MinimumVisualStudioVersion = 10.0.40219.1
Project("{9A19103F-16F7-4668-BE54-9A1E7A4F7556}") = "StockEase.Domain", "src\StockEase.Domain\StockEase.Domain.csproj", "{4C054A46-C43B-423C-83F7-97C290F1C365}"
EndProject
Project("{9A19103F-16F7-4668-BE54-9A1E7A4F7556}") = "StockEase.Infrastructure", "src\StockEase.Infrastructure\StockEase.Infrastructure.csproj", "{C742B771-39BA-4D87-BAEC-1DE342B0F427}"
EndProject
Project("{9A19103F-16F7-4668-BE54-9A1E7A4F7556}") = "StockEase.Arguments", "src\StockEase.Arguments\StockEase.Arguments.csproj", "{F1E2F679-55D8-4505-B997-88E789520E3B}"
EndProject
Project("{9A19103F-16F7-4668-BE54-9A1E7A4F7556}") = "StockEase.API", "src\StockEase.API\StockEase.API.csproj", "{311F9448-1044-4984-99FB-3966A2FC1E14}"
EndProject
Global
	GlobalSection(SolutionConfigurationPlatforms) = preSolution
		Debug|Any CPU = Debug|Any CPU
		Release|Any CPU = Release|Any CPU
	EndGlobalSection
	GlobalSection(ProjectConfigurationPlatforms) = postSolution
		{4C054A46-C43B-423C-83F7-97C290F1C365}.Debug|Any CPU.ActiveCfg = Debug|Any CPU
		{4C054A46-C43B-423C-83F7-97C290F1C365}.Debug|Any CPU.Build.0 = Debug|Any CPU
		{4C054A46-C43B-423C-83F7-97C290F1C365}.Release|Any CPU.ActiveCfg = Release|Any CPU
		{4C054A46-C43B-423C-83F7-97C290F1C365}.Release|Any CPU.Build.0 = Release|Any CPU
		{C742B771-39BA-4D87-BAEC-1DE342B0F427}.Debug|Any CPU.ActiveCfg = Debug|Any CPU
		{C742B771-39BA-4D87-BAEC-1DE342B0F427}.Debug|Any CPU.Build.0 = Debug|Any CPU
		{C742B771-39BA-4D87-BAEC-1DE342B0F427}.Release|Any CPU.ActiveCfg = Release|Any CPU
		{C742B771-39BA-4D87-BAEC-1DE342B0F427}.Release|Any CPU.Build.0 = Release|Any CPU
		{F1E2F679-55D8-4505-B997-88E789520E3B}.Debug|Any CPU.ActiveCfg = Debug|Any CPU
		{F1E2F679-55D8-4505-B997-88E789520E3B}.Debug|Any CPU.Build.0 = Debug|Any CPU
		{F1E2F679-55D8-4505-B997-88E789520E3B}.Release|Any CPU.ActiveCfg = Release|Any CPU
		{F1E2F679-55D8-4505-B997-88E789520E3B}.Release|Any CPU.Build.0 = Release|Any CPU
		{311F9448-1044-4984-99FB-3966A2FC1E14}.Debug|Any CPU.ActiveCfg = Debug|Any CPU
		{311F9448-1044-4984-99FB-3966A2FC1E14}.Debug|Any CPU.Build.0 = Debug|Any CPU
		{311F9448-1044-4984-99FB-3966A2FC1E14}.Release|Any CPU.ActiveCfg = Release|Any CPU
		{311F9448-1044-4984-99FB-3966A2FC1E14}.Release|Any CPU.Build.0 = Release|Any CPU
	EndGlobalSection
	GlobalSection(SolutionProperties) = preSolution
		HideSolutionNode = FALSE
	EndGlobalSection
	GlobalSection(ExtensibilityGlobals) = postSolution
		SolutionGuid = {9BE14BA1-33E8-4A91-85B3-C6B0DA4A76ED}
	EndGlobalSection
EndGlobal
